
Microsoft Visual Studio Solution File, Format Version 12.00
# Visual Studio Version 16
VisualStudioVersion = 16.0.30404.54
MinimumVisualStudioVersion = 10.0.40219.1
Project("{D954291E-2A0B-460D-934E-DC6B0785DB48}") = "WebContentSample.Shared", "WebContentSample\WebContentSample.Shared\WebContentSample.Shared.shproj", "{6279C845-92F8-4333-AB99-3D213163593C}"
EndProject
Project("{FAE04EC0-301F-11D3-BF4B-00C04F79EFBC}") = "WebContentSample.Droid", "WebContentSample\WebContentSample.Droid\WebContentSample.Droid.csproj", "{F809AC87-07E5-42CC-838E-B2C6FA9807BC}"
EndProject
Project("{FAE04EC0-301F-11D3-BF4B-00C04F79EFBC}") = "WebContentSample.iOS", "WebContentSample\WebContentSample.iOS\WebContentSample.iOS.csproj", "{9C6A98E3-C9FC-4602-B029-01C7FF5177EC}"
EndProject
Project("{FAE04EC0-301F-11D3-BF4B-00C04F79EFBC}") = "WebContentSample.UWP", "WebContentSample\WebContentSample.UWP\WebContentSample.UWP.csproj", "{D51DDD71-AA3A-4DFE-AA1B-AA01FCB40357}"
EndProject
Project("{9A19103F-16F7-4668-BE54-9A1E7A4F7556}") = "WebContentSample.Wasm", "WebContentSample\WebContentSample.Wasm\WebContentSample.Wasm.csproj", "{CFE3484A-1BE9-48D4-803E-F96ACF4109DE}"
EndProject
Project("{FAE04EC0-301F-11D3-BF4B-00C04F79EFBC}") = "WebContentSample.macOS", "WebContentSample\WebContentSample.macOS\WebContentSample.macOS.csproj", "{ECD6A685-C8C5-4D46-8290-2EC363F2EEE1}"
EndProject
Global
	GlobalSection(SharedMSBuildProjectFiles) = preSolution
		WebContentSample\WebContentSample.Shared\WebContentSample.Shared.projitems*{6279c845-92f8-4333-ab99-3d213163593c}*SharedItemsImports = 13
		WebContentSample\WebContentSample.Shared\WebContentSample.Shared.projitems*{9c6a98e3-c9fc-4602-b029-01c7ff5177ec}*SharedItemsImports = 4
		WebContentSample\WebContentSample.Shared\WebContentSample.Shared.projitems*{cfe3484a-1be9-48d4-803e-f96acf4109de}*SharedItemsImports = 5
		WebContentSample\WebContentSample.Shared\WebContentSample.Shared.projitems*{d51ddd71-aa3a-4dfe-aa1b-aa01fcb40357}*SharedItemsImports = 4
		WebContentSample\WebContentSample.Shared\WebContentSample.Shared.projitems*{ecd6a685-c8c5-4d46-8290-2ec363f2eee1}*SharedItemsImports = 4
		WebContentSample\WebContentSample.Shared\WebContentSample.Shared.projitems*{f809ac87-07e5-42cc-838e-b2c6fa9807bc}*SharedItemsImports = 4
	EndGlobalSection
	GlobalSection(SolutionConfigurationPlatforms) = preSolution
		Ad-Hoc|Any CPU = Ad-Hoc|Any CPU
		Ad-Hoc|ARM = Ad-Hoc|ARM
		Ad-Hoc|ARM64 = Ad-Hoc|ARM64
		Ad-Hoc|iPhone = Ad-Hoc|iPhone
		Ad-Hoc|iPhoneSimulator = Ad-Hoc|iPhoneSimulator
		Ad-Hoc|x64 = Ad-Hoc|x64
		Ad-Hoc|x86 = Ad-Hoc|x86
		AppStore|Any CPU = AppStore|Any CPU
		AppStore|ARM = AppStore|ARM
		AppStore|ARM64 = AppStore|ARM64
		AppStore|iPhone = AppStore|iPhone
		AppStore|iPhoneSimulator = AppStore|iPhoneSimulator
		AppStore|x64 = AppStore|x64
		AppStore|x86 = AppStore|x86
		Debug|Any CPU = Debug|Any CPU
		Debug|ARM = Debug|ARM
		Debug|ARM64 = Debug|ARM64
		Debug|iPhone = Debug|iPhone
		Debug|iPhoneSimulator = Debug|iPhoneSimulator
		Debug|x64 = Debug|x64
		Debug|x86 = Debug|x86
		Release|Any CPU = Release|Any CPU
		Release|ARM = Release|ARM
		Release|ARM64 = Release|ARM64
		Release|iPhone = Release|iPhone
		Release|iPhoneSimulator = Release|iPhoneSimulator
		Release|x64 = Release|x64
		Release|x86 = Release|x86
	EndGlobalSection
	GlobalSection(ProjectConfigurationPlatforms) = postSolution
		{F809AC87-07E5-42CC-838E-B2C6FA9807BC}.Ad-Hoc|Any CPU.ActiveCfg = Release|Any CPU
		{F809AC87-07E5-42CC-838E-B2C6FA9807BC}.Ad-Hoc|Any CPU.Build.0 = Release|Any CPU
		{F809AC87-07E5-42CC-838E-B2C6FA9807BC}.Ad-Hoc|Any CPU.Deploy.0 = Release|Any CPU
		{F809AC87-07E5-42CC-838E-B2C6FA9807BC}.Ad-Hoc|ARM.ActiveCfg = Release|Any CPU
		{F809AC87-07E5-42CC-838E-B2C6FA9807BC}.Ad-Hoc|ARM.Build.0 = Release|Any CPU
		{F809AC87-07E5-42CC-838E-B2C6FA9807BC}.Ad-Hoc|ARM.Deploy.0 = Release|Any CPU
		{F809AC87-07E5-42CC-838E-B2C6FA9807BC}.Ad-Hoc|ARM64.ActiveCfg = Release|Any CPU
		{F809AC87-07E5-42CC-838E-B2C6FA9807BC}.Ad-Hoc|ARM64.Build.0 = Release|Any CPU
		{F809AC87-07E5-42CC-838E-B2C6FA9807BC}.Ad-Hoc|ARM64.Deploy.0 = Release|Any CPU
		{F809AC87-07E5-42CC-838E-B2C6FA9807BC}.Ad-Hoc|iPhone.ActiveCfg = Release|Any CPU
		{F809AC87-07E5-42CC-838E-B2C6FA9807BC}.Ad-Hoc|iPhone.Build.0 = Release|Any CPU
		{F809AC87-07E5-42CC-838E-B2C6FA9807BC}.Ad-Hoc|iPhone.Deploy.0 = Release|Any CPU
		{F809AC87-07E5-42CC-838E-B2C6FA9807BC}.Ad-Hoc|iPhoneSimulator.ActiveCfg = Release|Any CPU
		{F809AC87-07E5-42CC-838E-B2C6FA9807BC}.Ad-Hoc|iPhoneSimulator.Build.0 = Release|Any CPU
		{F809AC87-07E5-42CC-838E-B2C6FA9807BC}.Ad-Hoc|iPhoneSimulator.Deploy.0 = Release|Any CPU
		{F809AC87-07E5-42CC-838E-B2C6FA9807BC}.Ad-Hoc|x64.ActiveCfg = Release|Any CPU
		{F809AC87-07E5-42CC-838E-B2C6FA9807BC}.Ad-Hoc|x64.Build.0 = Release|Any CPU
		{F809AC87-07E5-42CC-838E-B2C6FA9807BC}.Ad-Hoc|x64.Deploy.0 = Release|Any CPU
		{F809AC87-07E5-42CC-838E-B2C6FA9807BC}.Ad-Hoc|x86.ActiveCfg = Release|Any CPU
		{F809AC87-07E5-42CC-838E-B2C6FA9807BC}.Ad-Hoc|x86.Build.0 = Release|Any CPU
		{F809AC87-07E5-42CC-838E-B2C6FA9807BC}.Ad-Hoc|x86.Deploy.0 = Release|Any CPU
		{F809AC87-07E5-42CC-838E-B2C6FA9807BC}.AppStore|Any CPU.ActiveCfg = Release|Any CPU
		{F809AC87-07E5-42CC-838E-B2C6FA9807BC}.AppStore|Any CPU.Build.0 = Release|Any CPU
		{F809AC87-07E5-42CC-838E-B2C6FA9807BC}.AppStore|Any CPU.Deploy.0 = Release|Any CPU
		{F809AC87-07E5-42CC-838E-B2C6FA9807BC}.AppStore|ARM.ActiveCfg = Release|Any CPU
		{F809AC87-07E5-42CC-838E-B2C6FA9807BC}.AppStore|ARM.Build.0 = Release|Any CPU
		{F809AC87-07E5-42CC-838E-B2C6FA9807BC}.AppStore|ARM.Deploy.0 = Release|Any CPU
		{F809AC87-07E5-42CC-838E-B2C6FA9807BC}.AppStore|ARM64.ActiveCfg = Release|Any CPU
		{F809AC87-07E5-42CC-838E-B2C6FA9807BC}.AppStore|ARM64.Build.0 = Release|Any CPU
		{F809AC87-07E5-42CC-838E-B2C6FA9807BC}.AppStore|ARM64.Deploy.0 = Release|Any CPU
		{F809AC87-07E5-42CC-838E-B2C6FA9807BC}.AppStore|iPhone.ActiveCfg = Release|Any CPU
		{F809AC87-07E5-42CC-838E-B2C6FA9807BC}.AppStore|iPhone.Build.0 = Release|Any CPU
		{F809AC87-07E5-42CC-838E-B2C6FA9807BC}.AppStore|iPhone.Deploy.0 = Release|Any CPU
		{F809AC87-07E5-42CC-838E-B2C6FA9807BC}.AppStore|iPhoneSimulator.ActiveCfg = Release|Any CPU
		{F809AC87-07E5-42CC-838E-B2C6FA9807BC}.AppStore|iPhoneSimulator.Build.0 = Release|Any CPU
		{F809AC87-07E5-42CC-838E-B2C6FA9807BC}.AppStore|iPhoneSimulator.Deploy.0 = Release|Any CPU
		{F809AC87-07E5-42CC-838E-B2C6FA9807BC}.AppStore|x64.ActiveCfg = Release|Any CPU
		{F809AC87-07E5-42CC-838E-B2C6FA9807BC}.AppStore|x64.Build.0 = Release|Any CPU
		{F809AC87-07E5-42CC-838E-B2C6FA9807BC}.AppStore|x64.Deploy.0 = Release|Any CPU
		{F809AC87-07E5-42CC-838E-B2C6FA9807BC}.AppStore|x86.ActiveCfg = Release|Any CPU
		{F809AC87-07E5-42CC-838E-B2C6FA9807BC}.AppStore|x86.Build.0 = Release|Any CPU
		{F809AC87-07E5-42CC-838E-B2C6FA9807BC}.AppStore|x86.Deploy.0 = Release|Any CPU
		{F809AC87-07E5-42CC-838E-B2C6FA9807BC}.Debug|Any CPU.ActiveCfg = Debug|Any CPU
		{F809AC87-07E5-42CC-838E-B2C6FA9807BC}.Debug|Any CPU.Build.0 = Debug|Any CPU
		{F809AC87-07E5-42CC-838E-B2C6FA9807BC}.Debug|Any CPU.Deploy.0 = Debug|Any CPU
		{F809AC87-07E5-42CC-838E-B2C6FA9807BC}.Debug|ARM.ActiveCfg = Debug|Any CPU
		{F809AC87-07E5-42CC-838E-B2C6FA9807BC}.Debug|ARM.Build.0 = Debug|Any CPU
		{F809AC87-07E5-42CC-838E-B2C6FA9807BC}.Debug|ARM.Deploy.0 = Debug|Any CPU
		{F809AC87-07E5-42CC-838E-B2C6FA9807BC}.Debug|ARM64.ActiveCfg = Debug|Any CPU
		{F809AC87-07E5-42CC-838E-B2C6FA9807BC}.Debug|ARM64.Build.0 = Debug|Any CPU
		{F809AC87-07E5-42CC-838E-B2C6FA9807BC}.Debug|ARM64.Deploy.0 = Debug|Any CPU
		{F809AC87-07E5-42CC-838E-B2C6FA9807BC}.Debug|iPhone.ActiveCfg = Debug|Any CPU
		{F809AC87-07E5-42CC-838E-B2C6FA9807BC}.Debug|iPhone.Build.0 = Debug|Any CPU
		{F809AC87-07E5-42CC-838E-B2C6FA9807BC}.Debug|iPhone.Deploy.0 = Debug|Any CPU
		{F809AC87-07E5-42CC-838E-B2C6FA9807BC}.Debug|iPhoneSimulator.ActiveCfg = Debug|Any CPU
		{F809AC87-07E5-42CC-838E-B2C6FA9807BC}.Debug|iPhoneSimulator.Build.0 = Debug|Any CPU
		{F809AC87-07E5-42CC-838E-B2C6FA9807BC}.Debug|iPhoneSimulator.Deploy.0 = Debug|Any CPU
		{F809AC87-07E5-42CC-838E-B2C6FA9807BC}.Debug|x64.ActiveCfg = Debug|Any CPU
		{F809AC87-07E5-42CC-838E-B2C6FA9807BC}.Debug|x64.Build.0 = Debug|Any CPU
		{F809AC87-07E5-42CC-838E-B2C6FA9807BC}.Debug|x64.Deploy.0 = Debug|Any CPU
		{F809AC87-07E5-42CC-838E-B2C6FA9807BC}.Debug|x86.ActiveCfg = Debug|Any CPU
		{F809AC87-07E5-42CC-838E-B2C6FA9807BC}.Debug|x86.Build.0 = Debug|Any CPU
		{F809AC87-07E5-42CC-838E-B2C6FA9807BC}.Debug|x86.Deploy.0 = Debug|Any CPU
		{F809AC87-07E5-42CC-838E-B2C6FA9807BC}.Release|Any CPU.ActiveCfg = Release|Any CPU
		{F809AC87-07E5-42CC-838E-B2C6FA9807BC}.Release|Any CPU.Build.0 = Release|Any CPU
		{F809AC87-07E5-42CC-838E-B2C6FA9807BC}.Release|Any CPU.Deploy.0 = Release|Any CPU
		{F809AC87-07E5-42CC-838E-B2C6FA9807BC}.Release|ARM.ActiveCfg = Release|Any CPU
		{F809AC87-07E5-42CC-838E-B2C6FA9807BC}.Release|ARM.Build.0 = Release|Any CPU
		{F809AC87-07E5-42CC-838E-B2C6FA9807BC}.Release|ARM.Deploy.0 = Release|Any CPU
		{F809AC87-07E5-42CC-838E-B2C6FA9807BC}.Release|ARM64.ActiveCfg = Release|Any CPU
		{F809AC87-07E5-42CC-838E-B2C6FA9807BC}.Release|ARM64.Build.0 = Release|Any CPU
		{F809AC87-07E5-42CC-838E-B2C6FA9807BC}.Release|ARM64.Deploy.0 = Release|Any CPU
		{F809AC87-07E5-42CC-838E-B2C6FA9807BC}.Release|iPhone.ActiveCfg = Release|Any CPU
		{F809AC87-07E5-42CC-838E-B2C6FA9807BC}.Release|iPhone.Build.0 = Release|Any CPU
		{F809AC87-07E5-42CC-838E-B2C6FA9807BC}.Release|iPhone.Deploy.0 = Release|Any CPU
		{F809AC87-07E5-42CC-838E-B2C6FA9807BC}.Release|iPhoneSimulator.ActiveCfg = Release|Any CPU
		{F809AC87-07E5-42CC-838E-B2C6FA9807BC}.Release|iPhoneSimulator.Build.0 = Release|Any CPU
		{F809AC87-07E5-42CC-838E-B2C6FA9807BC}.Release|iPhoneSimulator.Deploy.0 = Release|Any CPU
		{F809AC87-07E5-42CC-838E-B2C6FA9807BC}.Release|x64.ActiveCfg = Release|Any CPU
		{F809AC87-07E5-42CC-838E-B2C6FA9807BC}.Release|x64.Build.0 = Release|Any CPU
		{F809AC87-07E5-42CC-838E-B2C6FA9807BC}.Release|x64.Deploy.0 = Release|Any CPU
		{F809AC87-07E5-42CC-838E-B2C6FA9807BC}.Release|x86.ActiveCfg = Release|Any CPU
		{F809AC87-07E5-42CC-838E-B2C6FA9807BC}.Release|x86.Build.0 = Release|Any CPU
		{F809AC87-07E5-42CC-838E-B2C6FA9807BC}.Release|x86.Deploy.0 = Release|Any CPU
		{9C6A98E3-C9FC-4602-B029-01C7FF5177EC}.Ad-Hoc|Any CPU.ActiveCfg = Ad-Hoc|iPhone
		{9C6A98E3-C9FC-4602-B029-01C7FF5177EC}.Ad-Hoc|ARM.ActiveCfg = Ad-Hoc|iPhone
		{9C6A98E3-C9FC-4602-B029-01C7FF5177EC}.Ad-Hoc|ARM64.ActiveCfg = Ad-Hoc|iPhone
		{9C6A98E3-C9FC-4602-B029-01C7FF5177EC}.Ad-Hoc|iPhone.ActiveCfg = Ad-Hoc|iPhone
		{9C6A98E3-C9FC-4602-B029-01C7FF5177EC}.Ad-Hoc|iPhone.Build.0 = Ad-Hoc|iPhone
		{9C6A98E3-C9FC-4602-B029-01C7FF5177EC}.Ad-Hoc|iPhoneSimulator.ActiveCfg = Ad-Hoc|iPhoneSimulator
		{9C6A98E3-C9FC-4602-B029-01C7FF5177EC}.Ad-Hoc|iPhoneSimulator.Build.0 = Ad-Hoc|iPhoneSimulator
		{9C6A98E3-C9FC-4602-B029-01C7FF5177EC}.Ad-Hoc|x64.ActiveCfg = Ad-Hoc|iPhone
		{9C6A98E3-C9FC-4602-B029-01C7FF5177EC}.Ad-Hoc|x86.ActiveCfg = Ad-Hoc|iPhone
		{9C6A98E3-C9FC-4602-B029-01C7FF5177EC}.AppStore|Any CPU.ActiveCfg = AppStore|iPhone
		{9C6A98E3-C9FC-4602-B029-01C7FF5177EC}.AppStore|ARM.ActiveCfg = AppStore|iPhone
		{9C6A98E3-C9FC-4602-B029-01C7FF5177EC}.AppStore|ARM64.ActiveCfg = AppStore|iPhone
		{9C6A98E3-C9FC-4602-B029-01C7FF5177EC}.AppStore|iPhone.ActiveCfg = AppStore|iPhone
		{9C6A98E3-C9FC-4602-B029-01C7FF5177EC}.AppStore|iPhone.Build.0 = AppStore|iPhone
		{9C6A98E3-C9FC-4602-B029-01C7FF5177EC}.AppStore|iPhoneSimulator.ActiveCfg = AppStore|iPhoneSimulator
		{9C6A98E3-C9FC-4602-B029-01C7FF5177EC}.AppStore|iPhoneSimulator.Build.0 = AppStore|iPhoneSimulator
		{9C6A98E3-C9FC-4602-B029-01C7FF5177EC}.AppStore|x64.ActiveCfg = AppStore|iPhone
		{9C6A98E3-C9FC-4602-B029-01C7FF5177EC}.AppStore|x86.ActiveCfg = AppStore|iPhone
		{9C6A98E3-C9FC-4602-B029-01C7FF5177EC}.Debug|Any CPU.ActiveCfg = Debug|iPhone
		{9C6A98E3-C9FC-4602-B029-01C7FF5177EC}.Debug|ARM.ActiveCfg = Debug|iPhone
		{9C6A98E3-C9FC-4602-B029-01C7FF5177EC}.Debug|ARM64.ActiveCfg = Debug|iPhone
		{9C6A98E3-C9FC-4602-B029-01C7FF5177EC}.Debug|iPhone.ActiveCfg = Debug|iPhone
		{9C6A98E3-C9FC-4602-B029-01C7FF5177EC}.Debug|iPhone.Build.0 = Debug|iPhone
		{9C6A98E3-C9FC-4602-B029-01C7FF5177EC}.Debug|iPhoneSimulator.ActiveCfg = Debug|iPhoneSimulator
		{9C6A98E3-C9FC-4602-B029-01C7FF5177EC}.Debug|iPhoneSimulator.Build.0 = Debug|iPhoneSimulator
		{9C6A98E3-C9FC-4602-B029-01C7FF5177EC}.Debug|x64.ActiveCfg = Debug|iPhone
		{9C6A98E3-C9FC-4602-B029-01C7FF5177EC}.Debug|x86.ActiveCfg = Debug|iPhone
		{9C6A98E3-C9FC-4602-B029-01C7FF5177EC}.Release|Any CPU.ActiveCfg = Release|iPhone
		{9C6A98E3-C9FC-4602-B029-01C7FF5177EC}.Release|ARM.ActiveCfg = Release|iPhone
		{9C6A98E3-C9FC-4602-B029-01C7FF5177EC}.Release|ARM64.ActiveCfg = Release|iPhone
		{9C6A98E3-C9FC-4602-B029-01C7FF5177EC}.Release|iPhone.ActiveCfg = Release|iPhone
		{9C6A98E3-C9FC-4602-B029-01C7FF5177EC}.Release|iPhone.Build.0 = Release|iPhone
		{9C6A98E3-C9FC-4602-B029-01C7FF5177EC}.Release|iPhoneSimulator.ActiveCfg = Release|iPhoneSimulator
		{9C6A98E3-C9FC-4602-B029-01C7FF5177EC}.Release|iPhoneSimulator.Build.0 = Release|iPhoneSimulator
		{9C6A98E3-C9FC-4602-B029-01C7FF5177EC}.Release|x64.ActiveCfg = Release|iPhone
		{9C6A98E3-C9FC-4602-B029-01C7FF5177EC}.Release|x86.ActiveCfg = Release|iPhone
		{D51DDD71-AA3A-4DFE-AA1B-AA01FCB40357}.Ad-Hoc|Any CPU.ActiveCfg = Release|x64
		{D51DDD71-AA3A-4DFE-AA1B-AA01FCB40357}.Ad-Hoc|Any CPU.Build.0 = Release|x64
		{D51DDD71-AA3A-4DFE-AA1B-AA01FCB40357}.Ad-Hoc|Any CPU.Deploy.0 = Release|x64
		{D51DDD71-AA3A-4DFE-AA1B-AA01FCB40357}.Ad-Hoc|ARM.ActiveCfg = Release|ARM
		{D51DDD71-AA3A-4DFE-AA1B-AA01FCB40357}.Ad-Hoc|ARM.Build.0 = Release|ARM
		{D51DDD71-AA3A-4DFE-AA1B-AA01FCB40357}.Ad-Hoc|ARM.Deploy.0 = Release|ARM
		{D51DDD71-AA3A-4DFE-AA1B-AA01FCB40357}.Ad-Hoc|ARM64.ActiveCfg = Release|ARM64
		{D51DDD71-AA3A-4DFE-AA1B-AA01FCB40357}.Ad-Hoc|ARM64.Build.0 = Release|ARM64
		{D51DDD71-AA3A-4DFE-AA1B-AA01FCB40357}.Ad-Hoc|ARM64.Deploy.0 = Release|ARM64
		{D51DDD71-AA3A-4DFE-AA1B-AA01FCB40357}.Ad-Hoc|iPhone.ActiveCfg = Release|x64
		{D51DDD71-AA3A-4DFE-AA1B-AA01FCB40357}.Ad-Hoc|iPhone.Build.0 = Release|x64
		{D51DDD71-AA3A-4DFE-AA1B-AA01FCB40357}.Ad-Hoc|iPhone.Deploy.0 = Release|x64
		{D51DDD71-AA3A-4DFE-AA1B-AA01FCB40357}.Ad-Hoc|iPhoneSimulator.ActiveCfg = Release|x64
		{D51DDD71-AA3A-4DFE-AA1B-AA01FCB40357}.Ad-Hoc|iPhoneSimulator.Build.0 = Release|x64
		{D51DDD71-AA3A-4DFE-AA1B-AA01FCB40357}.Ad-Hoc|iPhoneSimulator.Deploy.0 = Release|x64
		{D51DDD71-AA3A-4DFE-AA1B-AA01FCB40357}.Ad-Hoc|x64.ActiveCfg = Release|x64
		{D51DDD71-AA3A-4DFE-AA1B-AA01FCB40357}.Ad-Hoc|x64.Build.0 = Release|x64
		{D51DDD71-AA3A-4DFE-AA1B-AA01FCB40357}.Ad-Hoc|x64.Deploy.0 = Release|x64
		{D51DDD71-AA3A-4DFE-AA1B-AA01FCB40357}.Ad-Hoc|x86.ActiveCfg = Release|x86
		{D51DDD71-AA3A-4DFE-AA1B-AA01FCB40357}.Ad-Hoc|x86.Build.0 = Release|x86
		{D51DDD71-AA3A-4DFE-AA1B-AA01FCB40357}.Ad-Hoc|x86.Deploy.0 = Release|x86
		{D51DDD71-AA3A-4DFE-AA1B-AA01FCB40357}.AppStore|Any CPU.ActiveCfg = Release|x64
		{D51DDD71-AA3A-4DFE-AA1B-AA01FCB40357}.AppStore|Any CPU.Build.0 = Release|x64
		{D51DDD71-AA3A-4DFE-AA1B-AA01FCB40357}.AppStore|Any CPU.Deploy.0 = Release|x64
		{D51DDD71-AA3A-4DFE-AA1B-AA01FCB40357}.AppStore|ARM.ActiveCfg = Release|ARM
		{D51DDD71-AA3A-4DFE-AA1B-AA01FCB40357}.AppStore|ARM.Build.0 = Release|ARM
		{D51DDD71-AA3A-4DFE-AA1B-AA01FCB40357}.AppStore|ARM.Deploy.0 = Release|ARM
		{D51DDD71-AA3A-4DFE-AA1B-AA01FCB40357}.AppStore|ARM64.ActiveCfg = Release|ARM64
		{D51DDD71-AA3A-4DFE-AA1B-AA01FCB40357}.AppStore|ARM64.Build.0 = Release|ARM64
		{D51DDD71-AA3A-4DFE-AA1B-AA01FCB40357}.AppStore|ARM64.Deploy.0 = Release|ARM64
		{D51DDD71-AA3A-4DFE-AA1B-AA01FCB40357}.AppStore|iPhone.ActiveCfg = Release|x64
		{D51DDD71-AA3A-4DFE-AA1B-AA01FCB40357}.AppStore|iPhone.Build.0 = Release|x64
		{D51DDD71-AA3A-4DFE-AA1B-AA01FCB40357}.AppStore|iPhone.Deploy.0 = Release|x64
		{D51DDD71-AA3A-4DFE-AA1B-AA01FCB40357}.AppStore|iPhoneSimulator.ActiveCfg = Release|x64
		{D51DDD71-AA3A-4DFE-AA1B-AA01FCB40357}.AppStore|iPhoneSimulator.Build.0 = Release|x64
		{D51DDD71-AA3A-4DFE-AA1B-AA01FCB40357}.AppStore|iPhoneSimulator.Deploy.0 = Release|x64
		{D51DDD71-AA3A-4DFE-AA1B-AA01FCB40357}.AppStore|x64.ActiveCfg = Release|x64
		{D51DDD71-AA3A-4DFE-AA1B-AA01FCB40357}.AppStore|x64.Build.0 = Release|x64
		{D51DDD71-AA3A-4DFE-AA1B-AA01FCB40357}.AppStore|x64.Deploy.0 = Release|x64
		{D51DDD71-AA3A-4DFE-AA1B-AA01FCB40357}.AppStore|x86.ActiveCfg = Release|x86
		{D51DDD71-AA3A-4DFE-AA1B-AA01FCB40357}.AppStore|x86.Build.0 = Release|x86
		{D51DDD71-AA3A-4DFE-AA1B-AA01FCB40357}.AppStore|x86.Deploy.0 = Release|x86
		{D51DDD71-AA3A-4DFE-AA1B-AA01FCB40357}.Debug|Any CPU.ActiveCfg = Debug|x86
		{D51DDD71-AA3A-4DFE-AA1B-AA01FCB40357}.Debug|ARM.ActiveCfg = Debug|ARM
		{D51DDD71-AA3A-4DFE-AA1B-AA01FCB40357}.Debug|ARM.Build.0 = Debug|ARM
		{D51DDD71-AA3A-4DFE-AA1B-AA01FCB40357}.Debug|ARM.Deploy.0 = Debug|ARM
		{D51DDD71-AA3A-4DFE-AA1B-AA01FCB40357}.Debug|ARM64.ActiveCfg = Debug|ARM64
		{D51DDD71-AA3A-4DFE-AA1B-AA01FCB40357}.Debug|ARM64.Build.0 = Debug|ARM64
		{D51DDD71-AA3A-4DFE-AA1B-AA01FCB40357}.Debug|ARM64.Deploy.0 = Debug|ARM64
		{D51DDD71-AA3A-4DFE-AA1B-AA01FCB40357}.Debug|iPhone.ActiveCfg = Debug|x86
		{D51DDD71-AA3A-4DFE-AA1B-AA01FCB40357}.Debug|iPhoneSimulator.ActiveCfg = Debug|x86
		{D51DDD71-AA3A-4DFE-AA1B-AA01FCB40357}.Debug|x64.ActiveCfg = Debug|x64
		{D51DDD71-AA3A-4DFE-AA1B-AA01FCB40357}.Debug|x64.Build.0 = Debug|x64
		{D51DDD71-AA3A-4DFE-AA1B-AA01FCB40357}.Debug|x64.Deploy.0 = Debug|x64
		{D51DDD71-AA3A-4DFE-AA1B-AA01FCB40357}.Debug|x86.ActiveCfg = Debug|x86
		{D51DDD71-AA3A-4DFE-AA1B-AA01FCB40357}.Debug|x86.Build.0 = Debug|x86
		{D51DDD71-AA3A-4DFE-AA1B-AA01FCB40357}.Debug|x86.Deploy.0 = Debug|x86
		{D51DDD71-AA3A-4DFE-AA1B-AA01FCB40357}.Release|Any CPU.ActiveCfg = Release|x86
		{D51DDD71-AA3A-4DFE-AA1B-AA01FCB40357}.Release|ARM.ActiveCfg = Release|ARM
		{D51DDD71-AA3A-4DFE-AA1B-AA01FCB40357}.Release|ARM.Build.0 = Release|ARM
		{D51DDD71-AA3A-4DFE-AA1B-AA01FCB40357}.Release|ARM.Deploy.0 = Release|ARM
		{D51DDD71-AA3A-4DFE-AA1B-AA01FCB40357}.Release|ARM64.ActiveCfg = Release|ARM64
		{D51DDD71-AA3A-4DFE-AA1B-AA01FCB40357}.Release|ARM64.Build.0 = Release|ARM64
		{D51DDD71-AA3A-4DFE-AA1B-AA01FCB40357}.Release|ARM64.Deploy.0 = Release|ARM64
		{D51DDD71-AA3A-4DFE-AA1B-AA01FCB40357}.Release|iPhone.ActiveCfg = Release|x86
		{D51DDD71-AA3A-4DFE-AA1B-AA01FCB40357}.Release|iPhoneSimulator.ActiveCfg = Release|x86
		{D51DDD71-AA3A-4DFE-AA1B-AA01FCB40357}.Release|x64.ActiveCfg = Release|x64
		{D51DDD71-AA3A-4DFE-AA1B-AA01FCB40357}.Release|x64.Build.0 = Release|x64
		{D51DDD71-AA3A-4DFE-AA1B-AA01FCB40357}.Release|x64.Deploy.0 = Release|x64
		{D51DDD71-AA3A-4DFE-AA1B-AA01FCB40357}.Release|x86.ActiveCfg = Release|x86
		{D51DDD71-AA3A-4DFE-AA1B-AA01FCB40357}.Release|x86.Build.0 = Release|x86
		{D51DDD71-AA3A-4DFE-AA1B-AA01FCB40357}.Release|x86.Deploy.0 = Release|x86
		{CFE3484A-1BE9-48D4-803E-F96ACF4109DE}.Ad-Hoc|Any CPU.ActiveCfg = Debug|Any CPU
		{CFE3484A-1BE9-48D4-803E-F96ACF4109DE}.Ad-Hoc|Any CPU.Build.0 = Debug|Any CPU
		{CFE3484A-1BE9-48D4-803E-F96ACF4109DE}.Ad-Hoc|ARM.ActiveCfg = Debug|Any CPU
		{CFE3484A-1BE9-48D4-803E-F96ACF4109DE}.Ad-Hoc|ARM.Build.0 = Debug|Any CPU
		{CFE3484A-1BE9-48D4-803E-F96ACF4109DE}.Ad-Hoc|ARM64.ActiveCfg = Debug|Any CPU
		{CFE3484A-1BE9-48D4-803E-F96ACF4109DE}.Ad-Hoc|ARM64.Build.0 = Debug|Any CPU
		{CFE3484A-1BE9-48D4-803E-F96ACF4109DE}.Ad-Hoc|iPhone.ActiveCfg = Debug|Any CPU
		{CFE3484A-1BE9-48D4-803E-F96ACF4109DE}.Ad-Hoc|iPhone.Build.0 = Debug|Any CPU
		{CFE3484A-1BE9-48D4-803E-F96ACF4109DE}.Ad-Hoc|iPhoneSimulator.ActiveCfg = Debug|Any CPU
		{CFE3484A-1BE9-48D4-803E-F96ACF4109DE}.Ad-Hoc|iPhoneSimulator.Build.0 = Debug|Any CPU
		{CFE3484A-1BE9-48D4-803E-F96ACF4109DE}.Ad-Hoc|x64.ActiveCfg = Debug|Any CPU
		{CFE3484A-1BE9-48D4-803E-F96ACF4109DE}.Ad-Hoc|x64.Build.0 = Debug|Any CPU
		{CFE3484A-1BE9-48D4-803E-F96ACF4109DE}.Ad-Hoc|x86.ActiveCfg = Debug|Any CPU
		{CFE3484A-1BE9-48D4-803E-F96ACF4109DE}.Ad-Hoc|x86.Build.0 = Debug|Any CPU
		{CFE3484A-1BE9-48D4-803E-F96ACF4109DE}.AppStore|Any CPU.ActiveCfg = Debug|Any CPU
		{CFE3484A-1BE9-48D4-803E-F96ACF4109DE}.AppStore|Any CPU.Build.0 = Debug|Any CPU
		{CFE3484A-1BE9-48D4-803E-F96ACF4109DE}.AppStore|ARM.ActiveCfg = Debug|Any CPU
		{CFE3484A-1BE9-48D4-803E-F96ACF4109DE}.AppStore|ARM.Build.0 = Debug|Any CPU
		{CFE3484A-1BE9-48D4-803E-F96ACF4109DE}.AppStore|ARM64.ActiveCfg = Debug|Any CPU
		{CFE3484A-1BE9-48D4-803E-F96ACF4109DE}.AppStore|ARM64.Build.0 = Debug|Any CPU
		{CFE3484A-1BE9-48D4-803E-F96ACF4109DE}.AppStore|iPhone.ActiveCfg = Debug|Any CPU
		{CFE3484A-1BE9-48D4-803E-F96ACF4109DE}.AppStore|iPhone.Build.0 = Debug|Any CPU
		{CFE3484A-1BE9-48D4-803E-F96ACF4109DE}.AppStore|iPhoneSimulator.ActiveCfg = Debug|Any CPU
		{CFE3484A-1BE9-48D4-803E-F96ACF4109DE}.AppStore|iPhoneSimulator.Build.0 = Debug|Any CPU
		{CFE3484A-1BE9-48D4-803E-F96ACF4109DE}.AppStore|x64.ActiveCfg = Debug|Any CPU
		{CFE3484A-1BE9-48D4-803E-F96ACF4109DE}.AppStore|x64.Build.0 = Debug|Any CPU
		{CFE3484A-1BE9-48D4-803E-F96ACF4109DE}.AppStore|x86.ActiveCfg = Debug|Any CPU
		{CFE3484A-1BE9-48D4-803E-F96ACF4109DE}.AppStore|x86.Build.0 = Debug|Any CPU
		{CFE3484A-1BE9-48D4-803E-F96ACF4109DE}.Debug|Any CPU.ActiveCfg = Debug|Any CPU
		{CFE3484A-1BE9-48D4-803E-F96ACF4109DE}.Debug|Any CPU.Build.0 = Debug|Any CPU
		{CFE3484A-1BE9-48D4-803E-F96ACF4109DE}.Debug|ARM.ActiveCfg = Debug|Any CPU
		{CFE3484A-1BE9-48D4-803E-F96ACF4109DE}.Debug|ARM.Build.0 = Debug|Any CPU
		{CFE3484A-1BE9-48D4-803E-F96ACF4109DE}.Debug|ARM64.ActiveCfg = Debug|Any CPU
		{CFE3484A-1BE9-48D4-803E-F96ACF4109DE}.Debug|ARM64.Build.0 = Debug|Any CPU
		{CFE3484A-1BE9-48D4-803E-F96ACF4109DE}.Debug|iPhone.ActiveCfg = Debug|Any CPU
		{CFE3484A-1BE9-48D4-803E-F96ACF4109DE}.Debug|iPhone.Build.0 = Debug|Any CPU
		{CFE3484A-1BE9-48D4-803E-F96ACF4109DE}.Debug|iPhoneSimulator.ActiveCfg = Debug|Any CPU
		{CFE3484A-1BE9-48D4-803E-F96ACF4109DE}.Debug|iPhoneSimulator.Build.0 = Debug|Any CPU
		{CFE3484A-1BE9-48D4-803E-F96ACF4109DE}.Debug|x64.ActiveCfg = Debug|Any CPU
		{CFE3484A-1BE9-48D4-803E-F96ACF4109DE}.Debug|x64.Build.0 = Debug|Any CPU
		{CFE3484A-1BE9-48D4-803E-F96ACF4109DE}.Debug|x86.ActiveCfg = Debug|Any CPU
		{CFE3484A-1BE9-48D4-803E-F96ACF4109DE}.Debug|x86.Build.0 = Debug|Any CPU
		{CFE3484A-1BE9-48D4-803E-F96ACF4109DE}.Release|Any CPU.ActiveCfg = Release|Any CPU
		{CFE3484A-1BE9-48D4-803E-F96ACF4109DE}.Release|Any CPU.Build.0 = Release|Any CPU
		{CFE3484A-1BE9-48D4-803E-F96ACF4109DE}.Release|ARM.ActiveCfg = Release|Any CPU
		{CFE3484A-1BE9-48D4-803E-F96ACF4109DE}.Release|ARM.Build.0 = Release|Any CPU
		{CFE3484A-1BE9-48D4-803E-F96ACF4109DE}.Release|ARM64.ActiveCfg = Release|Any CPU
		{CFE3484A-1BE9-48D4-803E-F96ACF4109DE}.Release|ARM64.Build.0 = Release|Any CPU
		{CFE3484A-1BE9-48D4-803E-F96ACF4109DE}.Release|iPhone.ActiveCfg = Release|Any CPU
		{CFE3484A-1BE9-48D4-803E-F96ACF4109DE}.Release|iPhone.Build.0 = Release|Any CPU
		{CFE3484A-1BE9-48D4-803E-F96ACF4109DE}.Release|iPhoneSimulator.ActiveCfg = Release|Any CPU
		{CFE3484A-1BE9-48D4-803E-F96ACF4109DE}.Release|iPhoneSimulator.Build.0 = Release|Any CPU
		{CFE3484A-1BE9-48D4-803E-F96ACF4109DE}.Release|x64.ActiveCfg = Release|Any CPU
		{CFE3484A-1BE9-48D4-803E-F96ACF4109DE}.Release|x64.Build.0 = Release|Any CPU
		{CFE3484A-1BE9-48D4-803E-F96ACF4109DE}.Release|x86.ActiveCfg = Release|Any CPU
		{CFE3484A-1BE9-48D4-803E-F96ACF4109DE}.Release|x86.Build.0 = Release|Any CPU
		{ECD6A685-C8C5-4D46-8290-2EC363F2EEE1}.Ad-Hoc|Any CPU.ActiveCfg = Release|iPhoneSimulator
		{ECD6A685-C8C5-4D46-8290-2EC363F2EEE1}.Ad-Hoc|Any CPU.Build.0 = Release|iPhoneSimulator
		{ECD6A685-C8C5-4D46-8290-2EC363F2EEE1}.Ad-Hoc|ARM.ActiveCfg = Release|iPhoneSimulator
		{ECD6A685-C8C5-4D46-8290-2EC363F2EEE1}.Ad-Hoc|ARM.Build.0 = Release|iPhoneSimulator
		{ECD6A685-C8C5-4D46-8290-2EC363F2EEE1}.Ad-Hoc|ARM64.ActiveCfg = Release|iPhoneSimulator
		{ECD6A685-C8C5-4D46-8290-2EC363F2EEE1}.Ad-Hoc|ARM64.Build.0 = Release|iPhoneSimulator
		{ECD6A685-C8C5-4D46-8290-2EC363F2EEE1}.Ad-Hoc|iPhone.ActiveCfg = Release|iPhoneSimulator
		{ECD6A685-C8C5-4D46-8290-2EC363F2EEE1}.Ad-Hoc|iPhone.Build.0 = Release|iPhoneSimulator
		{ECD6A685-C8C5-4D46-8290-2EC363F2EEE1}.Ad-Hoc|iPhoneSimulator.ActiveCfg = Release|iPhoneSimulator
		{ECD6A685-C8C5-4D46-8290-2EC363F2EEE1}.Ad-Hoc|iPhoneSimulator.Build.0 = Release|iPhoneSimulator
		{ECD6A685-C8C5-4D46-8290-2EC363F2EEE1}.Ad-Hoc|x64.ActiveCfg = Release|iPhoneSimulator
		{ECD6A685-C8C5-4D46-8290-2EC363F2EEE1}.Ad-Hoc|x64.Build.0 = Release|iPhoneSimulator
		{ECD6A685-C8C5-4D46-8290-2EC363F2EEE1}.Ad-Hoc|x86.ActiveCfg = Release|iPhoneSimulator
		{ECD6A685-C8C5-4D46-8290-2EC363F2EEE1}.Ad-Hoc|x86.Build.0 = Release|iPhoneSimulator
		{ECD6A685-C8C5-4D46-8290-2EC363F2EEE1}.AppStore|Any CPU.ActiveCfg = Release|iPhoneSimulator
		{ECD6A685-C8C5-4D46-8290-2EC363F2EEE1}.AppStore|Any CPU.Build.0 = Release|iPhoneSimulator
		{ECD6A685-C8C5-4D46-8290-2EC363F2EEE1}.AppStore|ARM.ActiveCfg = Release|iPhoneSimulator
		{ECD6A685-C8C5-4D46-8290-2EC363F2EEE1}.AppStore|ARM.Build.0 = Release|iPhoneSimulator
		{ECD6A685-C8C5-4D46-8290-2EC363F2EEE1}.AppStore|ARM64.ActiveCfg = Release|iPhoneSimulator
		{ECD6A685-C8C5-4D46-8290-2EC363F2EEE1}.AppStore|ARM64.Build.0 = Release|iPhoneSimulator
		{ECD6A685-C8C5-4D46-8290-2EC363F2EEE1}.AppStore|iPhone.ActiveCfg = Release|iPhoneSimulator
		{ECD6A685-C8C5-4D46-8290-2EC363F2EEE1}.AppStore|iPhone.Build.0 = Release|iPhoneSimulator
		{ECD6A685-C8C5-4D46-8290-2EC363F2EEE1}.AppStore|iPhoneSimulator.ActiveCfg = Release|iPhoneSimulator
		{ECD6A685-C8C5-4D46-8290-2EC363F2EEE1}.AppStore|iPhoneSimulator.Build.0 = Release|iPhoneSimulator
		{ECD6A685-C8C5-4D46-8290-2EC363F2EEE1}.AppStore|x64.ActiveCfg = Release|iPhoneSimulator
		{ECD6A685-C8C5-4D46-8290-2EC363F2EEE1}.AppStore|x64.Build.0 = Release|iPhoneSimulator
		{ECD6A685-C8C5-4D46-8290-2EC363F2EEE1}.AppStore|x86.ActiveCfg = Release|iPhoneSimulator
		{ECD6A685-C8C5-4D46-8290-2EC363F2EEE1}.AppStore|x86.Build.0 = Release|iPhoneSimulator
		{ECD6A685-C8C5-4D46-8290-2EC363F2EEE1}.Debug|Any CPU.ActiveCfg = Debug|iPhoneSimulator
		{ECD6A685-C8C5-4D46-8290-2EC363F2EEE1}.Debug|ARM.ActiveCfg = Debug|iPhoneSimulator
		{ECD6A685-C8C5-4D46-8290-2EC363F2EEE1}.Debug|ARM64.ActiveCfg = Debug|iPhoneSimulator
		{ECD6A685-C8C5-4D46-8290-2EC363F2EEE1}.Debug|iPhone.ActiveCfg = Debug|iPhoneSimulator
		{ECD6A685-C8C5-4D46-8290-2EC363F2EEE1}.Debug|iPhoneSimulator.ActiveCfg = Debug|iPhoneSimulator
		{ECD6A685-C8C5-4D46-8290-2EC363F2EEE1}.Debug|iPhoneSimulator.Build.0 = Debug|iPhoneSimulator
		{ECD6A685-C8C5-4D46-8290-2EC363F2EEE1}.Debug|x64.ActiveCfg = Debug|iPhoneSimulator
		{ECD6A685-C8C5-4D46-8290-2EC363F2EEE1}.Debug|x86.ActiveCfg = Debug|iPhoneSimulator
		{ECD6A685-C8C5-4D46-8290-2EC363F2EEE1}.Release|Any CPU.ActiveCfg = Release|iPhoneSimulator
		{ECD6A685-C8C5-4D46-8290-2EC363F2EEE1}.Release|ARM.ActiveCfg = Release|iPhoneSimulator
		{ECD6A685-C8C5-4D46-8290-2EC363F2EEE1}.Release|ARM64.ActiveCfg = Release|iPhoneSimulator
		{ECD6A685-C8C5-4D46-8290-2EC363F2EEE1}.Release|iPhone.ActiveCfg = Release|iPhoneSimulator
		{ECD6A685-C8C5-4D46-8290-2EC363F2EEE1}.Release|iPhoneSimulator.ActiveCfg = Release|iPhoneSimulator
		{ECD6A685-C8C5-4D46-8290-2EC363F2EEE1}.Release|iPhoneSimulator.Build.0 = Release|iPhoneSimulator
		{ECD6A685-C8C5-4D46-8290-2EC363F2EEE1}.Release|x64.ActiveCfg = Release|iPhoneSimulator
		{ECD6A685-C8C5-4D46-8290-2EC363F2EEE1}.Release|x86.ActiveCfg = Release|iPhoneSimulator
	EndGlobalSection
	GlobalSection(SolutionProperties) = preSolution
		HideSolutionNode = FALSE
	EndGlobalSection
	GlobalSection(ExtensibilityGlobals) = postSolution
		SolutionGuid = {F6CDF638-BEE2-4A3A-86F0-57AAC69C6AB6}
	EndGlobalSection
EndGlobal
